
Microsoft Visual Studio Solution File, Format Version 12.00
# Visual Studio Version 17
VisualStudioVersion = 17.9.34723.18
MinimumVisualStudioVersion = 10.0.40219.1
Project("{FAE04EC0-301F-11D3-BF4B-00C04F79EFBC}") = "Checking duplicates", "Checking duplicates\Checking duplicates.csproj", "{2721B7E8-FBB9-4ED2-A839-D426763EA310}"
EndProject
Global
	GlobalSection(SolutionConfigurationPlatforms) = preSolution
		Debug|Any CPU = Debug|Any CPU
		Release|Any CPU = Release|Any CPU
	EndGlobalSection
	GlobalSection(ProjectConfigurationPlatforms) = postSolution
		{2721B7E8-FBB9-4ED2-A839-D426763EA310}.Debug|Any CPU.ActiveCfg = Debug|Any CPU
		{2721B7E8-FBB9-4ED2-A839-D426763EA310}.Debug|Any CPU.Build.0 = Debug|Any CPU
		{2721B7E8-FBB9-4ED2-A839-D426763EA310}.Release|Any CPU.ActiveCfg = Release|Any CPU
		{2721B7E8-FBB9-4ED2-A839-D426763EA310}.Release|Any CPU.Build.0 = Release|Any CPU
	EndGlobalSection
	GlobalSection(SolutionProperties) = preSolution
		HideSolutionNode = FALSE
	EndGlobalSection
	GlobalSection(ExtensibilityGlobals) = postSolution
		SolutionGuid = {D2F3DEA0-3A3A-41C5-A4DB-0759631A2242}
	EndGlobalSection
EndGlobal
